{
    "version": 3,
    "terraform_version": "0.11.3",
    "serial": 10,
    "lineage": "d6c1a6a9-92a7-4a25-94b1-71a876738e01",
    "modules": [
        {
            "path": [
                "root"
            ],
            "outputs": {
                "address": {
                    "sensitive": false,
                    "type": "string",
                    "value": "34.239.121.0"
                }
            },
            "resources": {
                "aws_ebs_volume.test": {
                    "type": "aws_ebs_volume",
                    "depends_on": [],
                    "primary": {
                        "id": "vol-07b5b6acf825d76ef",
                        "attributes": {
                            "arn": "arn:aws:ec2:us-east-1:973714476881:volume/vol-07b5b6acf825d76ef",
                            "availability_zone": "us-east-1a",
                            "encrypted": "false",
                            "id": "vol-07b5b6acf825d76ef",
                            "size": "10",
                            "snapshot_id": "",
                            "tags.%": "1",
                            "tags.Name": "test-volume",
                            "type": "standard"
                        },
                        "meta": {},
                        "tainted": false
                    },
                    "deposed": [],
                    "provider": "provider.aws"
                },
                "aws_instance.web": {
                    "type": "aws_instance",
                    "depends_on": [],
                    "primary": {
                        "id": "i-0292ed903d1202bb3",
                        "attributes": {
                            "ami": "ami-428aa838",
                            "associate_public_ip_address": "true",
                            "availability_zone": "us-east-1a",
                            "disable_api_termination": "false",
                            "ebs_block_device.#": "0",
                            "ebs_optimized": "false",
                            "ephemeral_block_device.#": "0",
                            "iam_instance_profile": "",
                            "id": "i-0292ed903d1202bb3",
                            "instance_state": "running",
                            "instance_type": "t2.micro",
                            "ipv6_addresses.#": "0",
                            "key_name": "devops",
                            "monitoring": "false",
                            "network_interface.#": "0",
                            "network_interface_id": "eni-b732ea7b",
                            "placement_group": "",
                            "primary_network_interface_id": "eni-b732ea7b",
                            "private_dns": "ip-172-31-89-19.ec2.internal",
                            "private_ip": "172.31.89.19",
                            "public_dns": "ec2-34-239-121-0.compute-1.amazonaws.com",
                            "public_ip": "34.239.121.0",
                            "root_block_device.#": "1",
                            "root_block_device.0.delete_on_termination": "true",
                            "root_block_device.0.iops": "100",
                            "root_block_device.0.volume_id": "vol-0eb5970f123732fb1",
                            "root_block_device.0.volume_size": "8",
                            "root_block_device.0.volume_type": "gp2",
                            "security_groups.#": "1",
                            "security_groups.2023659183": "Student",
                            "source_dest_check": "true",
                            "subnet_id": "subnet-f16d73dd",
                            "tags.%": "1",
                            "tags.Name": "terraform-test",
                            "tenancy": "default",
                            "volume_tags.%": "0",
                            "vpc_security_group_ids.#": "1",
                            "vpc_security_group_ids.1430560264": "sg-413b7736"
                        },
                        "meta": {
                            "e2bfb730-ecaa-11e6-8f88-34363bc7c4c0": {
                                "create": 600000000000,
                                "delete": 600000000000,
                                "update": 600000000000
                            },
                            "schema_version": "1"
                        },
                        "tainted": false
                    },
                    "deposed": [],
                    "provider": "provider.aws"
                },
                "aws_volume_attachment.ebs_att": {
                    "type": "aws_volume_attachment",
                    "depends_on": [
                        "aws_ebs_volume.test",
                        "aws_instance.web"
                    ],
                    "primary": {
                        "id": "vai-3918415305",
                        "attributes": {
                            "device_name": "/dev/sdh",
                            "id": "vai-3918415305",
                            "instance_id": "i-0292ed903d1202bb3",
                            "volume_id": "vol-07b5b6acf825d76ef"
                        },
                        "meta": {},
                        "tainted": false
                    },
                    "deposed": [],
                    "provider": "provider.aws"
                }
            },
            "depends_on": []
        }
    ]
}
